{
  "version": 1,
  "dependencies": {
    ".NETFramework,Version=v4.8": {
      "Markdig": {
        "type": "Transitive",
        "resolved": "0.39.1",
        "contentHash": "QrH/Aq9A5P7fIdy4tEBQGqVvrJoEew9+jL0k2WlrmgD0yxXP0UUtdkhJWgpVgwT18R0ubpt9cyF+LQXbTUSOrg==",
        "dependencies": {
          "System.Memory": "4.5.5"
        }
      },
      "MessagePack": {
        "type": "Transitive",
        "resolved": "3.1.1",
        "contentHash": "nC7/arPbdsjcvDwLrdp2aJafk3Y8GbjoomvY1oFCJbODAmgURM9JVKrkIcaZSX1GOLtPSQH4/6rM/TNtSx+U4Q==",
        "dependencies": {
          "MessagePack.Annotations": "3.1.1",
          "MessagePackAnalyzer": "3.1.1",
          "Microsoft.Bcl.AsyncInterfaces": "8.0.0",
          "Microsoft.NET.StringTools": "17.11.4",
          "System.Collections.Immutable": "8.0.0",
          "System.Memory": "4.5.5",
          "System.Runtime.CompilerServices.Unsafe": "6.0.0",
          "System.Threading.Tasks.Extensions": "4.5.4"
        }
      },
      "MessagePack.Annotations": {
        "type": "Transitive",
        "resolved": "3.1.1",
        "contentHash": "z/qHzXoz+SAw8+MDZV6Woge1fWD27v+Ce+9a3AJU7FF7TmXpIvGmALsS0A83RdM0P1utLuJ8UJlhNmjpDJ4y4A=="
      },
      "MessagePackAnalyzer": {
        "type": "Transitive",
        "resolved": "3.1.1",
        "contentHash": "gQeHB5RKo7C033FoUToZsvpabWuBR4ajiDoA0dXVTf7SdrA8sB0EGE04t37dDJ+8jIZ9/rCNYUmE67xKPgPThA=="
      },
      "Microsoft.Bcl.AsyncInterfaces": {
        "type": "Transitive",
        "resolved": "8.0.0",
        "contentHash": "3WA9q9yVqJp222P3x1wYIGDAkpjAku0TMUaaQV22g6L67AI0LdOIrVS7Ht2vJfLHGSPVuqN94vIr15qn+HEkHw==",
        "dependencies": {
          "System.Threading.Tasks.Extensions": "4.5.4"
        }
      },
      "Microsoft.NET.StringTools": {
        "type": "Transitive",
        "resolved": "17.11.4",
        "contentHash": "mudqUHhNpeqIdJoUx2YDWZO/I9uEDYVowan89R6wsomfnUJQk6HteoQTlNjZDixhT2B4IXMkMtgZtoceIjLRmA==",
        "dependencies": {
          "System.Memory": "4.5.5",
          "System.Runtime.CompilerServices.Unsafe": "6.0.0"
        }
      },
      "Newtonsoft.Json": {
        "type": "Transitive",
        "resolved": "13.0.3",
        "contentHash": "HrC5BXdl00IP9zeV+0Z848QWPAoCr9P3bDEZguI+gkLcBKAOxix/tLEAAHC+UvDNPv4a2d18lOReHMOagPa+zQ=="
      },
      "System.Buffers": {
        "type": "Transitive",
        "resolved": "4.5.1",
        "contentHash": "Rw7ijyl1qqRS0YQD/WycNst8hUUMgrMH4FCn1nNm27M4VxchZ1js3fVjQaANHO5f3sN4isvP4a+Met9Y4YomAg=="
      },
      "System.Collections.Immutable": {
        "type": "Transitive",
        "resolved": "8.0.0",
        "contentHash": "AurL6Y5BA1WotzlEvVaIDpqzpIPvYnnldxru8oXJU2yFxFUy3+pNXjXd1ymO+RA0rq0+590Q8gaz2l3Sr7fmqg==",
        "dependencies": {
          "System.Memory": "4.5.5",
          "System.Runtime.CompilerServices.Unsafe": "6.0.0"
        }
      },
      "System.Memory": {
        "type": "Transitive",
        "resolved": "4.5.5",
        "contentHash": "XIWiDvKPXaTveaB7HVganDlOCRoj03l+jrwNvcge/t8vhGYKvqV+dMv6G4SAX2NoNmN0wZfVPTAlFwZcZvVOUw==",
        "dependencies": {
          "System.Buffers": "4.5.1",
          "System.Numerics.Vectors": "4.5.0",
          "System.Runtime.CompilerServices.Unsafe": "4.5.3"
        }
      },
      "System.Numerics.Vectors": {
        "type": "Transitive",
        "resolved": "4.5.0",
        "contentHash": "QQTlPTl06J/iiDbJCiepZ4H//BVraReU4O4EoRw1U02H5TLUIT7xn3GnDp9AXPSlJUDyFs4uWjWafNX6WrAojQ=="
      },
      "System.Runtime.CompilerServices.Unsafe": {
        "type": "Transitive",
        "resolved": "6.0.0",
        "contentHash": "/iUeP3tq1S0XdNNoMz5C9twLSrM/TH+qElHkXWaPvuNOt+99G75NrV0OS2EqHx5wMN7popYjpc8oTjC1y16DLg=="
      },
      "System.Threading.Tasks.Extensions": {
        "type": "Transitive",
        "resolved": "4.5.4",
        "contentHash": "zteT+G8xuGu6mS+mzDzYXbzS7rd3K6Fjb9RiZlYlJPam2/hU7JCBZBVEcywNuR+oZ1ncTvc/cq0faRr3P01OVg==",
        "dependencies": {
          "System.Runtime.CompilerServices.Unsafe": "4.5.3"
        }
      },
      "TaskScheduler": {
        "type": "Transitive",
        "resolved": "2.11.0",
        "contentHash": "p9wH58XSNIyUtO7PIFAEldaKUzpYmlj+YWAfnUqBKnGxIZRY51I9BrsBGJijUVwlxrgmLLPUigRIv2ZTD4uPJA=="
      },
      "ec-inspect": {
        "type": "Project",
        "dependencies": {
          "YAMDCC.Common": "[1.0.0-beta.6, )",
          "YAMDCC.IPC": "[2.1.3-release, )"
        }
      },
      "Updater": {
        "type": "Project",
        "dependencies": {
          "Markdig": "[0.39.1, )",
          "Newtonsoft.Json": "[13.0.3, )",
          "TaskScheduler": "[2.11.0, )",
          "YAMDCC.Common": "[1.0.0-beta.6, )"
        }
      },
      "yamdcc.common": {
        "type": "Project",
        "dependencies": {
          "YAMDCC.Logs": "[1.0.0-beta.6, )"
        }
      },
      "yamdcc.config": {
        "type": "Project",
        "dependencies": {
          "YAMDCC.Common": "[1.0.0-beta.6, )"
        }
      },
      "yamdcc.ecaccess": {
        "type": "Project"
      },
      "yamdcc.ipc": {
        "type": "Project",
        "dependencies": {
          "MessagePack": "[3.1.1, )"
        }
      },
      "yamdcc.logs": {
        "type": "Project"
      },
      "yamdccsvc": {
        "type": "Project",
        "dependencies": {
          "YAMDCC.Common": "[1.0.0-beta.6, )",
          "YAMDCC.Config": "[1.0.0-beta.6, )",
          "YAMDCC.ECAccess": "[1.0.0-beta.6, )",
          "YAMDCC.IPC": "[2.1.3-release, )",
          "YAMDCC.Logs": "[1.0.0-beta.6, )"
        }
      }
    },
    ".NETFramework,Version=v4.8/win-x64": {},
    ".NETFramework,Version=v4.8/win-x86": {},
    ".NETFramework,Version=v4.8/win7-x64": {},
    ".NETFramework,Version=v4.8/win7-x86": {}
  }
}